// !$*UTF8*$!
{
	archiveVersion = 1;
	classes = {
	};
	objectVersion = 50;
	objects = {

/* Begin PBXBuildFile section */
		5E2D2386E9FA00B013CB8834 /* Pods_quiziineTests.framework in Frameworks */ = {isa = PBXBuildFile; fileRef = 5F72EA471FD1816446F08A45 /* Pods_quiziineTests.framework */; };
		C948B0B0F88FB7AD97CEB032 /* Pods_quiziine.framework in Frameworks */ = {isa = PBXBuildFile; fileRef = 509593FC6701C57830E05866 /* Pods_quiziine.framework */; };
		DD7D38E52087EFC50039BF0E /* AppDelegate.swift in Sources */ = {isa = PBXBuildFile; fileRef = DD7D38E42087EFC50039BF0E /* AppDelegate.swift */; };
		DD7D38E72087EFC50039BF0E /* ViewController.swift in Sources */ = {isa = PBXBuildFile; fileRef = DD7D38E62087EFC50039BF0E /* ViewController.swift */; };
		DD7D38EA2087EFC50039BF0E /* Main.storyboard in Resources */ = {isa = PBXBuildFile; fileRef = DD7D38E82087EFC50039BF0E /* Main.storyboard */; settings = {ASSET_TAGS = (1, ); }; };
		DD7D38ED2087EFC50039BF0E /* quiziine.xcdatamodeld in Sources */ = {isa = PBXBuildFile; fileRef = DD7D38EB2087EFC50039BF0E /* quiziine.xcdatamodeld */; };
		DD7D38EF2087EFC70039BF0E /* Assets.xcassets in Resources */ = {isa = PBXBuildFile; fileRef = DD7D38EE2087EFC70039BF0E /* Assets.xcassets */; };
		DD7D38F22087EFC70039BF0E /* LaunchScreen.storyboard in Resources */ = {isa = PBXBuildFile; fileRef = DD7D38F02087EFC70039BF0E /* LaunchScreen.storyboard */; };
		DD7D38FD2087EFC70039BF0E /* quiziineTests.swift in Sources */ = {isa = PBXBuildFile; fileRef = DD7D38FC2087EFC70039BF0E /* quiziineTests.swift */; };
		DD7D390A2087F1800039BF0E /* QuizListCell.swift in Sources */ = {isa = PBXBuildFile; fileRef = DD7D39092087F1800039BF0E /* QuizListCell.swift */; };
		DD7D390C2087F3790039BF0E /* QuizListCell.xib in Resources */ = {isa = PBXBuildFile; fileRef = DD7D390B2087F3790039BF0E /* QuizListCell.xib */; };
		DD7D390E2087FD2E0039BF0E /* QuizViewController.swift in Sources */ = {isa = PBXBuildFile; fileRef = DD7D390D2087FD2E0039BF0E /* QuizViewController.swift */; };
		DD7D3911208803960039BF0E /* QuizQuestionCell.swift in Sources */ = {isa = PBXBuildFile; fileRef = DD7D390F208803960039BF0E /* QuizQuestionCell.swift */; };
		DD7D3912208803960039BF0E /* QuizQuestionCell.xib in Resources */ = {isa = PBXBuildFile; fileRef = DD7D3910208803960039BF0E /* QuizQuestionCell.xib */; };
		DD7D3914208941F30039BF0E /* OverlayView.swift in Sources */ = {isa = PBXBuildFile; fileRef = DD7D3913208941F30039BF0E /* OverlayView.swift */; };
		DD7D3916208942050039BF0E /* OverlayView.xib in Resources */ = {isa = PBXBuildFile; fileRef = DD7D3915208942050039BF0E /* OverlayView.xib */; };
		DD7D3918208945BC0039BF0E /* ResultViewController.swift in Sources */ = {isa = PBXBuildFile; fileRef = DD7D3917208945BC0039BF0E /* ResultViewController.swift */; };
/* End PBXBuildFile section */

/* Begin PBXContainerItemProxy section */
		DD7D38F92087EFC70039BF0E /* PBXContainerItemProxy */ = {
			isa = PBXContainerItemProxy;
			containerPortal = DD7D38D92087EFC50039BF0E /* Project object */;
			proxyType = 1;
			remoteGlobalIDString = DD7D38E02087EFC50039BF0E;
			remoteInfo = quiziine;
		};
/* End PBXContainerItemProxy section */

/* Begin PBXFileReference section */
		38C717D8A5D05435DBD7409A /* Pods-quiziine.release.xcconfig */ = {isa = PBXFileReference; includeInIndex = 1; lastKnownFileType = text.xcconfig; name = "Pods-quiziine.release.xcconfig"; path = "Pods/Target Support Files/Pods-quiziine/Pods-quiziine.release.xcconfig"; sourceTree = "<group>"; };
		509593FC6701C57830E05866 /* Pods_quiziine.framework */ = {isa = PBXFileReference; explicitFileType = wrapper.framework; includeInIndex = 0; path = Pods_quiziine.framework; sourceTree = BUILT_PRODUCTS_DIR; };
		5F72EA471FD1816446F08A45 /* Pods_quiziineTests.framework */ = {isa = PBXFileReference; explicitFileType = wrapper.framework; includeInIndex = 0; path = Pods_quiziineTests.framework; sourceTree = BUILT_PRODUCTS_DIR; };
		6B42A23687AF5724C860181C /* Pods-quiziineTests.release.xcconfig */ = {isa = PBXFileReference; includeInIndex = 1; lastKnownFileType = text.xcconfig; name = "Pods-quiziineTests.release.xcconfig"; path = "Pods/Target Support Files/Pods-quiziineTests/Pods-quiziineTests.release.xcconfig"; sourceTree = "<group>"; };
		B62D60F768782AB7A5EB8B6A /* Pods-quiziineTests.debug.xcconfig */ = {isa = PBXFileReference; includeInIndex = 1; lastKnownFileType = text.xcconfig; name = "Pods-quiziineTests.debug.xcconfig"; path = "Pods/Target Support Files/Pods-quiziineTests/Pods-quiziineTests.debug.xcconfig"; sourceTree = "<group>"; };
		DD7D38E12087EFC50039BF0E /* quiziine.app */ = {isa = PBXFileReference; explicitFileType = wrapper.application; includeInIndex = 0; path = quiziine.app; sourceTree = BUILT_PRODUCTS_DIR; };
		DD7D38E42087EFC50039BF0E /* AppDelegate.swift */ = {isa = PBXFileReference; lastKnownFileType = sourcecode.swift; path = AppDelegate.swift; sourceTree = "<group>"; };
		DD7D38E62087EFC50039BF0E /* ViewController.swift */ = {isa = PBXFileReference; lastKnownFileType = sourcecode.swift; path = ViewController.swift; sourceTree = "<group>"; };
		DD7D38E92087EFC50039BF0E /* Base */ = {isa = PBXFileReference; lastKnownFileType = file.storyboard; name = Base; path = Base.lproj/Main.storyboard; sourceTree = "<group>"; };
		DD7D38EC2087EFC50039BF0E /* quiziine.xcdatamodel */ = {isa = PBXFileReference; lastKnownFileType = wrapper.xcdatamodel; path = quiziine.xcdatamodel; sourceTree = "<group>"; };
		DD7D38EE2087EFC70039BF0E /* Assets.xcassets */ = {isa = PBXFileReference; lastKnownFileType = folder.assetcatalog; path = Assets.xcassets; sourceTree = "<group>"; };
		DD7D38F12087EFC70039BF0E /* Base */ = {isa = PBXFileReference; lastKnownFileType = file.storyboard; name = Base; path = Base.lproj/LaunchScreen.storyboard; sourceTree = "<group>"; };
		DD7D38F32087EFC70039BF0E /* Info.plist */ = {isa = PBXFileReference; lastKnownFileType = text.plist.xml; path = Info.plist; sourceTree = "<group>"; };
		DD7D38F82087EFC70039BF0E /* quiziineTests.xctest */ = {isa = PBXFileReference; explicitFileType = wrapper.cfbundle; includeInIndex = 0; path = quiziineTests.xctest; sourceTree = BUILT_PRODUCTS_DIR; };
		DD7D38FC2087EFC70039BF0E /* quiziineTests.swift */ = {isa = PBXFileReference; lastKnownFileType = sourcecode.swift; path = quiziineTests.swift; sourceTree = "<group>"; };
		DD7D38FE2087EFC70039BF0E /* Info.plist */ = {isa = PBXFileReference; lastKnownFileType = text.plist.xml; path = Info.plist; sourceTree = "<group>"; };
		DD7D39092087F1800039BF0E /* QuizListCell.swift */ = {isa = PBXFileReference; lastKnownFileType = sourcecode.swift; path = QuizListCell.swift; sourceTree = "<group>"; };
		DD7D390B2087F3790039BF0E /* QuizListCell.xib */ = {isa = PBXFileReference; lastKnownFileType = file.xib; path = QuizListCell.xib; sourceTree = "<group>"; };
		DD7D390D2087FD2E0039BF0E /* QuizViewController.swift */ = {isa = PBXFileReference; lastKnownFileType = sourcecode.swift; path = QuizViewController.swift; sourceTree = "<group>"; };
		DD7D390F208803960039BF0E /* QuizQuestionCell.swift */ = {isa = PBXFileReference; lastKnownFileType = sourcecode.swift; path = QuizQuestionCell.swift; sourceTree = "<group>"; };
		DD7D3910208803960039BF0E /* QuizQuestionCell.xib */ = {isa = PBXFileReference; lastKnownFileType = file.xib; path = QuizQuestionCell.xib; sourceTree = "<group>"; };
		DD7D3913208941F30039BF0E /* OverlayView.swift */ = {isa = PBXFileReference; lastKnownFileType = sourcecode.swift; path = OverlayView.swift; sourceTree = "<group>"; };
		DD7D3915208942050039BF0E /* OverlayView.xib */ = {isa = PBXFileReference; lastKnownFileType = file.xib; path = OverlayView.xib; sourceTree = "<group>"; };
		DD7D3917208945BC0039BF0E /* ResultViewController.swift */ = {isa = PBXFileReference; lastKnownFileType = sourcecode.swift; path = ResultViewController.swift; sourceTree = "<group>"; };
		ECB939F478470ABDF1312A8E /* Pods-quiziine.debug.xcconfig */ = {isa = PBXFileReference; includeInIndex = 1; lastKnownFileType = text.xcconfig; name = "Pods-quiziine.debug.xcconfig"; path = "Pods/Target Support Files/Pods-quiziine/Pods-quiziine.debug.xcconfig"; sourceTree = "<group>"; };
/* End PBXFileReference section */

/* Begin PBXFrameworksBuildPhase section */
		DD7D38DE2087EFC50039BF0E /* Frameworks */ = {
			isa = PBXFrameworksBuildPhase;
			buildActionMask = 2147483647;
			files = (
				C948B0B0F88FB7AD97CEB032 /* Pods_quiziine.framework in Frameworks */,
			);
			runOnlyForDeploymentPostprocessing = 0;
		};
		DD7D38F52087EFC70039BF0E /* Frameworks */ = {
			isa = PBXFrameworksBuildPhase;
			buildActionMask = 2147483647;
			files = (
				5E2D2386E9FA00B013CB8834 /* Pods_quiziineTests.framework in Frameworks */,
			);
			runOnlyForDeploymentPostprocessing = 0;
		};
/* End PBXFrameworksBuildPhase section */

/* Begin PBXGroup section */
		650B7A86CBCBB5F49D98561F /* Frameworks */ = {
			isa = PBXGroup;
			children = (
				509593FC6701C57830E05866 /* Pods_quiziine.framework */,
				5F72EA471FD1816446F08A45 /* Pods_quiziineTests.framework */,
			);
			name = Frameworks;
			sourceTree = "<group>";
		};
		C4B7B5D75E7D4926ABE2BD34 /* Pods */ = {
			isa = PBXGroup;
			children = (
				ECB939F478470ABDF1312A8E /* Pods-quiziine.debug.xcconfig */,
				38C717D8A5D05435DBD7409A /* Pods-quiziine.release.xcconfig */,
				B62D60F768782AB7A5EB8B6A /* Pods-quiziineTests.debug.xcconfig */,
				6B42A23687AF5724C860181C /* Pods-quiziineTests.release.xcconfig */,
			);
			name = Pods;
			sourceTree = "<group>";
		};
		DD7D38D82087EFC50039BF0E = {
			isa = PBXGroup;
			children = (
				DD7D38E32087EFC50039BF0E /* quiziine */,
				DD7D38FB2087EFC70039BF0E /* quiziineTests */,
				DD7D38E22087EFC50039BF0E /* Products */,
				C4B7B5D75E7D4926ABE2BD34 /* Pods */,
				650B7A86CBCBB5F49D98561F /* Frameworks */,
			);
			sourceTree = "<group>";
		};
		DD7D38E22087EFC50039BF0E /* Products */ = {
			isa = PBXGroup;
			children = (
				DD7D38E12087EFC50039BF0E /* quiziine.app */,
				DD7D38F82087EFC70039BF0E /* quiziineTests.xctest */,
			);
			name = Products;
			sourceTree = "<group>";
		};
		DD7D38E32087EFC50039BF0E /* quiziine */ = {
			isa = PBXGroup;
			children = (
				DD7D38E42087EFC50039BF0E /* AppDelegate.swift */,
				DD7D38E62087EFC50039BF0E /* ViewController.swift */,
				DD7D390D2087FD2E0039BF0E /* QuizViewController.swift */,
				DD7D3917208945BC0039BF0E /* ResultViewController.swift */,
				DD7D38E82087EFC50039BF0E /* Main.storyboard */,
				DD7D38EE2087EFC70039BF0E /* Assets.xcassets */,
				DD7D38F02087EFC70039BF0E /* LaunchScreen.storyboard */,
				DD7D38F32087EFC70039BF0E /* Info.plist */,
				DD7D38EB2087EFC50039BF0E /* quiziine.xcdatamodeld */,
				DD7D39092087F1800039BF0E /* QuizListCell.swift */,
				DD7D390B2087F3790039BF0E /* QuizListCell.xib */,
				DD7D390F208803960039BF0E /* QuizQuestionCell.swift */,
				DD7D3910208803960039BF0E /* QuizQuestionCell.xib */,
				DD7D3913208941F30039BF0E /* OverlayView.swift */,
				DD7D3915208942050039BF0E /* OverlayView.xib */,
			);
			path = quiziine;
			sourceTree = "<group>";
		};
		DD7D38FB2087EFC70039BF0E /* quiziineTests */ = {
			isa = PBXGroup;
			children = (
				DD7D38FC2087EFC70039BF0E /* quiziineTests.swift */,
				DD7D38FE2087EFC70039BF0E /* Info.plist */,
			);
			path = quiziineTests;
			sourceTree = "<group>";
		};
/* End PBXGroup section */

/* Begin PBXNativeTarget section */
		DD7D38E02087EFC50039BF0E /* quiziine */ = {
			isa = PBXNativeTarget;
			buildConfigurationList = DD7D39012087EFC70039BF0E /* Build configuration list for PBXNativeTarget "quiziine" */;
			buildPhases = (
				D4B13AC4F5E807B3A9231705 /* [CP] Check Pods Manifest.lock */,
				DD7D38DD2087EFC50039BF0E /* Sources */,
				DD7D38DE2087EFC50039BF0E /* Frameworks */,
				DD7D38DF2087EFC50039BF0E /* Resources */,
				AAB7B56A790EE767D519F397 /* [CP] Embed Pods Frameworks */,
			);
			buildRules = (
			);
			dependencies = (
			);
			name = quiziine;
			productName = quiziine;
			productReference = DD7D38E12087EFC50039BF0E /* quiziine.app */;
			productType = "com.apple.product-type.application";
		};
		DD7D38F72087EFC70039BF0E /* quiziineTests */ = {
			isa = PBXNativeTarget;
			buildConfigurationList = DD7D39042087EFC70039BF0E /* Build configuration list for PBXNativeTarget "quiziineTests" */;
			buildPhases = (
				AE097B19068371F4E8A6E6B1 /* [CP] Check Pods Manifest.lock */,
				DD7D38F42087EFC70039BF0E /* Sources */,
				DD7D38F52087EFC70039BF0E /* Frameworks */,
				DD7D38F62087EFC70039BF0E /* Resources */,
			);
			buildRules = (
			);
			dependencies = (
				DD7D38FA2087EFC70039BF0E /* PBXTargetDependency */,
			);
			name = quiziineTests;
			productName = quiziineTests;
			productReference = DD7D38F82087EFC70039BF0E /* quiziineTests.xctest */;
			productType = "com.apple.product-type.bundle.unit-test";
		};
/* End PBXNativeTarget section */

/* Begin PBXProject section */
		DD7D38D92087EFC50039BF0E /* Project object */ = {
			isa = PBXProject;
			attributes = {
				KnownAssetTags = (
					1,
				);
				LastSwiftUpdateCheck = 0930;
				LastUpgradeCheck = 0930;
				ORGANIZATIONNAME = "Sheldon Lynn";
				TargetAttributes = {
					DD7D38E02087EFC50039BF0E = {
						CreatedOnToolsVersion = 9.3;
					};
					DD7D38F72087EFC70039BF0E = {
						CreatedOnToolsVersion = 9.3;
						TestTargetID = DD7D38E02087EFC50039BF0E;
					};
				};
			};
			buildConfigurationList = DD7D38DC2087EFC50039BF0E /* Build configuration list for PBXProject "quiziine" */;
			compatibilityVersion = "Xcode 9.3";
			developmentRegion = en;
			hasScannedForEncodings = 0;
			knownRegions = (
				en,
				Base,
			);
			mainGroup = DD7D38D82087EFC50039BF0E;
			productRefGroup = DD7D38E22087EFC50039BF0E /* Products */;
			projectDirPath = "";
			projectRoot = "";
			targets = (
				DD7D38E02087EFC50039BF0E /* quiziine */,
				DD7D38F72087EFC70039BF0E /* quiziineTests */,
			);
		};
/* End PBXProject section */

/* Begin PBXResourcesBuildPhase section */
		DD7D38DF2087EFC50039BF0E /* Resources */ = {
			isa = PBXResourcesBuildPhase;
			buildActionMask = 2147483647;
			files = (
				DD7D3912208803960039BF0E /* QuizQuestionCell.xib in Resources */,
				DD7D3916208942050039BF0E /* OverlayView.xib in Resources */,
				DD7D38F22087EFC70039BF0E /* LaunchScreen.storyboard in Resources */,
				DD7D38EF2087EFC70039BF0E /* Assets.xcassets in Resources */,
				DD7D390C2087F3790039BF0E /* QuizListCell.xib in Resources */,
				DD7D38EA2087EFC50039BF0E /* Main.storyboard in Resources */,
			);
			runOnlyForDeploymentPostprocessing = 0;
		};
		DD7D38F62087EFC70039BF0E /* Resources */ = {
			isa = PBXResourcesBuildPhase;
			buildActionMask = 2147483647;
			files = (
			);
			runOnlyForDeploymentPostprocessing = 0;
		};
/* End PBXResourcesBuildPhase section */

/* Begin PBXShellScriptBuildPhase section */
		AAB7B56A790EE767D519F397 /* [CP] Embed Pods Frameworks */ = {
			isa = PBXShellScriptBuildPhase;
			buildActionMask = 2147483647;
			files = (
			);
			inputPaths = (
				"${SRCROOT}/Pods/Target Support Files/Pods-quiziine/Pods-quiziine-frameworks.sh",
				"${BUILT_PRODUCTS_DIR}/Alamofire/Alamofire.framework",
				"${BUILT_PRODUCTS_DIR}/SwiftyJSON/SwiftyJSON.framework",
			);
			name = "[CP] Embed Pods Frameworks";
			outputPaths = (
				"${TARGET_BUILD_DIR}/${FRAMEWORKS_FOLDER_PATH}/Alamofire.framework",
				"${TARGET_BUILD_DIR}/${FRAMEWORKS_FOLDER_PATH}/SwiftyJSON.framework",
			);
			runOnlyForDeploymentPostprocessing = 0;
			shellPath = /bin/sh;
			shellScript = "\"${SRCROOT}/Pods/Target Support Files/Pods-quiziine/Pods-quiziine-frameworks.sh\"\n";
			showEnvVarsInLog = 0;
		};
		AE097B19068371F4E8A6E6B1 /* [CP] Check Pods Manifest.lock */ = {
			isa = PBXShellScriptBuildPhase;
			buildActionMask = 2147483647;
			files = (
			);
			inputPaths = (
				"${PODS_PODFILE_DIR_PATH}/Podfile.lock",
				"${PODS_ROOT}/Manifest.lock",
			);
			name = "[CP] Check Pods Manifest.lock";
			outputPaths = (
				"$(DERIVED_FILE_DIR)/Pods-quiziineTests-checkManifestLockResult.txt",
			);
			runOnlyForDeploymentPostprocessing = 0;
			shellPath = /bin/sh;
			shellScript = "diff \"${PODS_PODFILE_DIR_PATH}/Podfile.lock\" \"${PODS_ROOT}/Manifest.lock\" > /dev/null\nif [ $? != 0 ] ; then\n    # print error to STDERR\n    echo \"error: The sandbox is not in sync with the Podfile.lock. Run 'pod install' or update your CocoaPods installation.\" >&2\n    exit 1\nfi\n# This output is used by Xcode 'outputs' to avoid re-running this script phase.\necho \"SUCCESS\" > \"${SCRIPT_OUTPUT_FILE_0}\"\n";
			showEnvVarsInLog = 0;
		};
		D4B13AC4F5E807B3A9231705 /* [CP] Check Pods Manifest.lock */ = {
			isa = PBXShellScriptBuildPhase;
			buildActionMask = 2147483647;
			files = (
			);
			inputPaths = (
				"${PODS_PODFILE_DIR_PATH}/Podfile.lock",
				"${PODS_ROOT}/Manifest.lock",
			);
			name = "[CP] Check Pods Manifest.lock";
			outputPaths = (
				"$(DERIVED_FILE_DIR)/Pods-quiziine-checkManifestLockResult.txt",
			);
			runOnlyForDeploymentPostprocessing = 0;
			shellPath = /bin/sh;
			shellScript = "diff \"${PODS_PODFILE_DIR_PATH}/Podfile.lock\" \"${PODS_ROOT}/Manifest.lock\" > /dev/null\nif [ $? != 0 ] ; then\n    # print error to STDERR\n    echo \"error: The sandbox is not in sync with the Podfile.lock. Run 'pod install' or update your CocoaPods installation.\" >&2\n    exit 1\nfi\n# This output is used by Xcode 'outputs' to avoid re-running this script phase.\necho \"SUCCESS\" > \"${SCRIPT_OUTPUT_FILE_0}\"\n";
			showEnvVarsInLog = 0;
		};
/* End PBXShellScriptBuildPhase section */

/* Begin PBXSourcesBuildPhase section */
		DD7D38DD2087EFC50039BF0E /* Sources */ = {
			isa = PBXSourcesBuildPhase;
			buildActionMask = 2147483647;
			files = (
				DD7D38E72087EFC50039BF0E /* ViewController.swift in Sources */,
				DD7D390E2087FD2E0039BF0E /* QuizViewController.swift in Sources */,
				DD7D3914208941F30039BF0E /* OverlayView.swift in Sources */,
				DD7D3918208945BC0039BF0E /* ResultViewController.swift in Sources */,
				DD7D3911208803960039BF0E /* QuizQuestionCell.swift in Sources */,
				DD7D38E52087EFC50039BF0E /* AppDelegate.swift in Sources */,
				DD7D390A2087F1800039BF0E /* QuizListCell.swift in Sources */,
				DD7D38ED2087EFC50039BF0E /* quiziine.xcdatamodeld in Sources */,
			);
			runOnlyForDeploymentPostprocessing = 0;
		};
		DD7D38F42087EFC70039BF0E /* Sources */ = {
			isa = PBXSourcesBuildPhase;
			buildActionMask = 2147483647;
			files = (
				DD7D38FD2087EFC70039BF0E /* quiziineTests.swift in Sources */,
			);
			runOnlyForDeploymentPostprocessing = 0;
		};
/* End PBXSourcesBuildPhase section */

/* Begin PBXTargetDependency section */
		DD7D38FA2087EFC70039BF0E /* PBXTargetDependency */ = {
			isa = PBXTargetDependency;
			target = DD7D38E02087EFC50039BF0E /* quiziine */;
			targetProxy = DD7D38F92087EFC70039BF0E /* PBXContainerItemProxy */;
		};
/* End PBXTargetDependency section */

/* Begin PBXVariantGroup section */
		DD7D38E82087EFC50039BF0E /* Main.storyboard */ = {
			isa = PBXVariantGroup;
			children = (
				DD7D38E92087EFC50039BF0E /* Base */,
			);
			name = Main.storyboard;
			sourceTree = "<group>";
		};
		DD7D38F02087EFC70039BF0E /* LaunchScreen.storyboard */ = {
			isa = PBXVariantGroup;
			children = (
				DD7D38F12087EFC70039BF0E /* Base */,
			);
			name = LaunchScreen.storyboard;
			sourceTree = "<group>";
		};
/* End PBXVariantGroup section */

/* Begin XCBuildConfiguration section */
		DD7D38FF2087EFC70039BF0E /* Debug */ = {
			isa = XCBuildConfiguration;
			buildSettings = {
				ALWAYS_SEARCH_USER_PATHS = NO;
				CLANG_ANALYZER_NONNULL = YES;
				CLANG_ANALYZER_NUMBER_OBJECT_CONVERSION = YES_AGGRESSIVE;
				CLANG_CXX_LANGUAGE_STANDARD = "gnu++14";
				CLANG_CXX_LIBRARY = "libc++";
				CLANG_ENABLE_MODULES = YES;
				CLANG_ENABLE_OBJC_ARC = YES;
				CLANG_ENABLE_OBJC_WEAK = YES;
				CLANG_WARN_BLOCK_CAPTURE_AUTORELEASING = YES;
				CLANG_WARN_BOOL_CONVERSION = YES;
				CLANG_WARN_COMMA = YES;
				CLANG_WARN_CONSTANT_CONVERSION = YES;
				CLANG_WARN_DEPRECATED_OBJC_IMPLEMENTATIONS = YES;
				CLANG_WARN_DIRECT_OBJC_ISA_USAGE = YES_ERROR;
				CLANG_WARN_DOCUMENTATION_COMMENTS = YES;
				CLANG_WARN_EMPTY_BODY = YES;
				CLANG_WARN_ENUM_CONVERSION = YES;
				CLANG_WARN_INFINITE_RECURSION = YES;
				CLANG_WARN_INT_CONVERSION = YES;
				CLANG_WARN_NON_LITERAL_NULL_CONVERSION = YES;
				CLANG_WARN_OBJC_IMPLICIT_RETAIN_SELF = YES;
				CLANG_WARN_OBJC_LITERAL_CONVERSION = YES;
				CLANG_WARN_OBJC_ROOT_CLASS = YES_ERROR;
				CLANG_WARN_RANGE_LOOP_ANALYSIS = YES;
				CLANG_WARN_STRICT_PROTOTYPES = YES;
				CLANG_WARN_SUSPICIOUS_MOVE = YES;
				CLANG_WARN_UNGUARDED_AVAILABILITY = YES_AGGRESSIVE;
				CLANG_WARN_UNREACHABLE_CODE = YES;
				CLANG_WARN__DUPLICATE_METHOD_MATCH = YES;
				CODE_SIGN_IDENTITY = "iPhone Developer";
				COPY_PHASE_STRIP = NO;
				DEBUG_INFORMATION_FORMAT = dwarf;
				ENABLE_STRICT_OBJC_MSGSEND = YES;
				ENABLE_TESTABILITY = YES;
				GCC_C_LANGUAGE_STANDARD = gnu11;
				GCC_DYNAMIC_NO_PIC = NO;
				GCC_NO_COMMON_BLOCKS = YES;
				GCC_OPTIMIZATION_LEVEL = 0;
				GCC_PREPROCESSOR_DEFINITIONS = (
					"DEBUG=1",
					"$(inherited)",
				);
				GCC_WARN_64_TO_32_BIT_CONVERSION = YES;
				GCC_WARN_ABOUT_RETURN_TYPE = YES_ERROR;
				GCC_WARN_UNDECLARED_SELECTOR = YES;
				GCC_WARN_UNINITIALIZED_AUTOS = YES_AGGRESSIVE;
				GCC_WARN_UNUSED_FUNCTION = YES;
				GCC_WARN_UNUSED_VARIABLE = YES;
				IPHONEOS_DEPLOYMENT_TARGET = 11.3;
				MTL_ENABLE_DEBUG_INFO = YES;
				ONLY_ACTIVE_ARCH = YES;
				SDKROOT = iphoneos;
				SWIFT_ACTIVE_COMPILATION_CONDITIONS = DEBUG;
				SWIFT_OPTIMIZATION_LEVEL = "-Onone";
			};
			name = Debug;
		};
		DD7D39002087EFC70039BF0E /* Release */ = {
			isa = XCBuildConfiguration;
			buildSettings = {
				ALWAYS_SEARCH_USER_PATHS = NO;
				CLANG_ANALYZER_NONNULL = YES;
				CLANG_ANALYZER_NUMBER_OBJECT_CONVERSION = YES_AGGRESSIVE;
				CLANG_CXX_LANGUAGE_STANDARD = "gnu++14";
				CLANG_CXX_LIBRARY = "libc++";
				CLANG_ENABLE_MODULES = YES;
				CLANG_ENABLE_OBJC_ARC = YES;
				CLANG_ENABLE_OBJC_WEAK = YES;
				CLANG_WARN_BLOCK_CAPTURE_AUTORELEASING = YES;
				CLANG_WARN_BOOL_CONVERSION = YES;
				CLANG_WARN_COMMA = YES;
				CLANG_WARN_CONSTANT_CONVERSION = YES;
				CLANG_WARN_DEPRECATED_OBJC_IMPLEMENTATIONS = YES;
				CLANG_WARN_DIRECT_OBJC_ISA_USAGE = YES_ERROR;
				CLANG_WARN_DOCUMENTATION_COMMENTS = YES;
				CLANG_WARN_EMPTY_BODY = YES;
				CLANG_WARN_ENUM_CONVERSION = YES;
				CLANG_WARN_INFINITE_RECURSION = YES;
				CLANG_WARN_INT_CONVERSION = YES;
				CLANG_WARN_NON_LITERAL_NULL_CONVERSION = YES;
				CLANG_WARN_OBJC_IMPLICIT_RETAIN_SELF = YES;
				CLANG_WARN_OBJC_LITERAL_CONVERSION = YES;
				CLANG_WARN_OBJC_ROOT_CLASS = YES_ERROR;
				CLANG_WARN_RANGE_LOOP_ANALYSIS = YES;
				CLANG_WARN_STRICT_PROTOTYPES = YES;
				CLANG_WARN_SUSPICIOUS_MOVE = YES;
				CLANG_WARN_UNGUARDED_AVAILABILITY = YES_AGGRESSIVE;
				CLANG_WARN_UNREACHABLE_CODE = YES;
				CLANG_WARN__DUPLICATE_METHOD_MATCH = YES;
				CODE_SIGN_IDENTITY = "iPhone Developer";
				COPY_PHASE_STRIP = NO;
				DEBUG_INFORMATION_FORMAT = "dwarf-with-dsym";
				ENABLE_NS_ASSERTIONS = NO;
				ENABLE_STRICT_OBJC_MSGSEND = YES;
				GCC_C_LANGUAGE_STANDARD = gnu11;
				GCC_NO_COMMON_BLOCKS = YES;
				GCC_WARN_64_TO_32_BIT_CONVERSION = YES;
				GCC_WARN_ABOUT_RETURN_TYPE = YES_ERROR;
				GCC_WARN_UNDECLARED_SELECTOR = YES;
				GCC_WARN_UNINITIALIZED_AUTOS = YES_AGGRESSIVE;
				GCC_WARN_UNUSED_FUNCTION = YES;
				GCC_WARN_UNUSED_VARIABLE = YES;
				IPHONEOS_DEPLOYMENT_TARGET = 11.3;
				MTL_ENABLE_DEBUG_INFO = NO;
				SDKROOT = iphoneos;
				SWIFT_COMPILATION_MODE = wholemodule;
				SWIFT_OPTIMIZATION_LEVEL = "-O";
				VALIDATE_PRODUCT = YES;
			};
			name = Release;
		};
		DD7D39022087EFC70039BF0E /* Debug */ = {
			isa = XCBuildConfiguration;
			baseConfigurationReference = ECB939F478470ABDF1312A8E /* Pods-quiziine.debug.xcconfig */;
			buildSettings = {
				ASSETCATALOG_COMPILER_APPICON_NAME = AppIcon;
				CODE_SIGN_STYLE = Automatic;
				DEVELOPMENT_TEAM = DBDBL8M4XK;
				INFOPLIST_FILE = quiziine/Info.plist;
				IPHONEOS_DEPLOYMENT_TARGET = 10.3;
				LD_RUNPATH_SEARCH_PATHS = "$(inherited) @executable_path/Frameworks";
				PRODUCT_BUNDLE_IDENTIFIER = sheldonlynn.quiziine;
				PRODUCT_NAME = "$(TARGET_NAME)";
				SWIFT_VERSION = 4.0;
				TARGETED_DEVICE_FAMILY = "1,2";
			};
			name = Debug;
		};
		DD7D39032087EFC70039BF0E /* Release */ = {
			isa = XCBuildConfiguration;
			baseConfigurationReference = 38C717D8A5D05435DBD7409A /* Pods-quiziine.release.xcconfig */;
			buildSettings = {
				ASSETCATALOG_COMPILER_APPICON_NAME = AppIcon;
				CODE_SIGN_STYLE = Automatic;
				DEVELOPMENT_TEAM = DBDBL8M4XK;
				INFOPLIST_FILE = quiziine/Info.plist;
				IPHONEOS_DEPLOYMENT_TARGET = 10.3;
				LD_RUNPATH_SEARCH_PATHS = "$(inherited) @executable_path/Frameworks";
				PRODUCT_BUNDLE_IDENTIFIER = sheldonlynn.quiziine;
				PRODUCT_NAME = "$(TARGET_NAME)";
				SWIFT_VERSION = 4.0;
				TARGETED_DEVICE_FAMILY = "1,2";
			};
			name = Release;
		};
		DD7D39052087EFC70039BF0E /* Debug */ = {
			isa = XCBuildConfiguration;
			baseConfigurationReference = B62D60F768782AB7A5EB8B6A /* Pods-quiziineTests.debug.xcconfig */;
			buildSettings = {
				ALWAYS_EMBED_SWIFT_STANDARD_LIBRARIES = YES;
				BUNDLE_LOADER = "$(TEST_HOST)";
				CODE_SIGN_STYLE = Automatic;
				DEVELOPMENT_TEAM = DBDBL8M4XK;
				INFOPLIST_FILE = quiziineTests/Info.plist;
				LD_RUNPATH_SEARCH_PATHS = "$(inherited) @executable_path/Frameworks @loader_path/Frameworks";
				PRODUCT_BUNDLE_IDENTIFIER = sheldonlynn.quiziineTests;
				PRODUCT_NAME = "$(TARGET_NAME)";
				SWIFT_VERSION = 4.0;
				TARGETED_DEVICE_FAMILY = "1,2";
				TEST_HOST = "$(BUILT_PRODUCTS_DIR)/quiziine.app/quiziine";
			};
			name = Debug;
		};
		DD7D39062087EFC70039BF0E /* Release */ = {
			isa = XCBuildConfiguration;
			baseConfigurationReference = 6B42A23687AF5724C860181C /* Pods-quiziineTests.release.xcconfig */;
			buildSettings = {
				ALWAYS_EMBED_SWIFT_STANDARD_LIBRARIES = YES;
				BUNDLE_LOADER = "$(TEST_HOST)";
				CODE_SIGN_STYLE = Automatic;
				DEVELOPMENT_TEAM = DBDBL8M4XK;
				INFOPLIST_FILE = quiziineTests/Info.plist;
				LD_RUNPATH_SEARCH_PATHS = "$(inherited) @executable_path/Frameworks @loader_path/Frameworks";
				PRODUCT_BUNDLE_IDENTIFIER = sheldonlynn.quiziineTests;
				PRODUCT_NAME = "$(TARGET_NAME)";
				SWIFT_VERSION = 4.0;
				TARGETED_DEVICE_FAMILY = "1,2";
				TEST_HOST = "$(BUILT_PRODUCTS_DIR)/quiziine.app/quiziine";
			};
			name = Release;
		};
/* End XCBuildConfiguration section */

/* Begin XCConfigurationList section */
		DD7D38DC2087EFC50039BF0E /* Build configuration list for PBXProject "quiziine" */ = {
			isa = XCConfigurationList;
			buildConfigurations = (
				DD7D38FF2087EFC70039BF0E /* Debug */,
				DD7D39002087EFC70039BF0E /* Release */,
			);
			defaultConfigurationIsVisible = 0;
			defaultConfigurationName = Release;
		};
		DD7D39012087EFC70039BF0E /* Build configuration list for PBXNativeTarget "quiziine" */ = {
			isa = XCConfigurationList;
			buildConfigurations = (
				DD7D39022087EFC70039BF0E /* Debug */,
				DD7D39032087EFC70039BF0E /* Release */,
			);
			defaultConfigurationIsVisible = 0;
			defaultConfigurationName = Release;
		};
		DD7D39042087EFC70039BF0E /* Build configuration list for PBXNativeTarget "quiziineTests" */ = {
			isa = XCConfigurationList;
			buildConfigurations = (
				DD7D39052087EFC70039BF0E /* Debug */,
				DD7D39062087EFC70039BF0E /* Release */,
			);
			defaultConfigurationIsVisible = 0;
			defaultConfigurationName = Release;
		};
/* End XCConfigurationList section */

/* Begin XCVersionGroup section */
		DD7D38EB2087EFC50039BF0E /* quiziine.xcdatamodeld */ = {
			isa = XCVersionGroup;
			children = (
				DD7D38EC2087EFC50039BF0E /* quiziine.xcdatamodel */,
			);
			currentVersion = DD7D38EC2087EFC50039BF0E /* quiziine.xcdatamodel */;
			path = quiziine.xcdatamodeld;
			sourceTree = "<group>";
			versionGroupType = wrapper.xcdatamodel;
		};
/* End XCVersionGroup section */
	};
	rootObject = DD7D38D92087EFC50039BF0E /* Project object */;
}
